// !$*UTF8*$!
{
	archiveVersion = 1;
	classes = {
	};
	objectVersion = 46;
	objects = {

/* Begin PBXBuildFile section */
		2B16E0821BD93A3300E0A2AA /* AppDelegate.swift in Sources */ = {isa = PBXBuildFile; fileRef = 2B16E0811BD93A3300E0A2AA /* AppDelegate.swift */; };
		2B16E0841BD93A3300E0A2AA /* ViewController.swift in Sources */ = {isa = PBXBuildFile; fileRef = 2B16E0831BD93A3300E0A2AA /* ViewController.swift */; };
		2B16E0871BD93A3300E0A2AA /* Main.storyboard in Resources */ = {isa = PBXBuildFile; fileRef = 2B16E0851BD93A3300E0A2AA /* Main.storyboard */; };
		2B16E0891BD93A3300E0A2AA /* Assets.xcassets in Resources */ = {isa = PBXBuildFile; fileRef = 2B16E0881BD93A3300E0A2AA /* Assets.xcassets */; };
		2B16E08C1BD93A3300E0A2AA /* LaunchScreen.storyboard in Resources */ = {isa = PBXBuildFile; fileRef = 2B16E08A1BD93A3300E0A2AA /* LaunchScreen.storyboard */; };
		2B16E0971BD93A3300E0A2AA /* ConvNetSwiftTests.swift in Sources */ = {isa = PBXBuildFile; fileRef = 2B16E0961BD93A3300E0A2AA /* ConvNetSwiftTests.swift */; };
		2B16E0B81BD93A5A00E0A2AA /* Magicnet.swift in Sources */ = {isa = PBXBuildFile; fileRef = 2B16E0A91BD93A5A00E0A2AA /* Magicnet.swift */; };
		2B16E0B91BD93A5A00E0A2AA /* Net.swift in Sources */ = {isa = PBXBuildFile; fileRef = 2B16E0AA1BD93A5A00E0A2AA /* Net.swift */; };
		2B16E0BA1BD93A5A00E0A2AA /* Trainers.swift in Sources */ = {isa = PBXBuildFile; fileRef = 2B16E0AB1BD93A5A00E0A2AA /* Trainers.swift */; };
		2B16E0BC1BD93A5A00E0A2AA /* Options.swift in Sources */ = {isa = PBXBuildFile; fileRef = 2B16E0AD1BD93A5A00E0A2AA /* Options.swift */; };
		2B16E0BD1BD93A5A00E0A2AA /* Util.swift in Sources */ = {isa = PBXBuildFile; fileRef = 2B16E0AE1BD93A5A00E0A2AA /* Util.swift */; };
		2B16E0BE1BD93A5A00E0A2AA /* Vol.swift in Sources */ = {isa = PBXBuildFile; fileRef = 2B16E0AF1BD93A5A00E0A2AA /* Vol.swift */; };
		2B16E0BF1BD93A5A00E0A2AA /* VolUtil.swift in Sources */ = {isa = PBXBuildFile; fileRef = 2B16E0B01BD93A5A00E0A2AA /* VolUtil.swift */; };
		2B16E0CF1BD93BB100E0A2AA /* FullyConnectedLayer.swift in Sources */ = {isa = PBXBuildFile; fileRef = 2B16E0C21BD93BB100E0A2AA /* FullyConnectedLayer.swift */; };
		2B16E0D01BD93BB100E0A2AA /* LayersDropout.swift in Sources */ = {isa = PBXBuildFile; fileRef = 2B16E0C41BD93BB100E0A2AA /* LayersDropout.swift */; };
		2B16E0D11BD93BB100E0A2AA /* LayersInput.swift in Sources */ = {isa = PBXBuildFile; fileRef = 2B16E0C61BD93BB100E0A2AA /* LayersInput.swift */; };
		2B16E0D21BD93BB100E0A2AA /* LayersLoss.swift in Sources */ = {isa = PBXBuildFile; fileRef = 2B16E0C81BD93BB100E0A2AA /* LayersLoss.swift */; };
		2B16E0D31BD93BB100E0A2AA /* LayersNonlinearities.swift in Sources */ = {isa = PBXBuildFile; fileRef = 2B16E0CA1BD93BB100E0A2AA /* LayersNonlinearities.swift */; };
		2B16E0D41BD93BB100E0A2AA /* LayersNormalization.swift in Sources */ = {isa = PBXBuildFile; fileRef = 2B16E0CC1BD93BB100E0A2AA /* LayersNormalization.swift */; };
		2B16E0D51BD93BB100E0A2AA /* LayersPool.swift in Sources */ = {isa = PBXBuildFile; fileRef = 2B16E0CE1BD93BB100E0A2AA /* LayersPool.swift */; };
		2B16E0D71BD93CA700E0A2AA /* Layer.swift in Sources */ = {isa = PBXBuildFile; fileRef = 2B16E0D61BD93CA700E0A2AA /* Layer.swift */; };
		2B2905AC1C4F9E0C008CA36D /* FCTests.swift in Sources */ = {isa = PBXBuildFile; fileRef = 2B2905AB1C4F9E0C008CA36D /* FCTests.swift */; };
		2B2905AE1C4FAD7F008CA36D /* Nyura_sq.png in Resources */ = {isa = PBXBuildFile; fileRef = 2B2905AD1C4FAD7F008CA36D /* Nyura_sq.png */; };
		2B2905AF1C4FAD7F008CA36D /* Nyura_sq.png in Resources */ = {isa = PBXBuildFile; fileRef = 2B2905AD1C4FAD7F008CA36D /* Nyura_sq.png */; };
		2B4064801BE8CABD00C0B618 /* SimpleNetTests.swift in Sources */ = {isa = PBXBuildFile; fileRef = 2B40647F1BE8CABD00C0B618 /* SimpleNetTests.swift */; };
		2B4064811BE92EAC00C0B618 /* Layer.swift in Sources */ = {isa = PBXBuildFile; fileRef = 2B16E0D61BD93CA700E0A2AA /* Layer.swift */; };
		2B4064821BE92EB000C0B618 /* FullyConnectedLayer.swift in Sources */ = {isa = PBXBuildFile; fileRef = 2B16E0C21BD93BB100E0A2AA /* FullyConnectedLayer.swift */; };
		2B4064831BE92EB600C0B618 /* Net.swift in Sources */ = {isa = PBXBuildFile; fileRef = 2B16E0AA1BD93A5A00E0A2AA /* Net.swift */; };
		2B4064841BE92EBF00C0B618 /* LayersDropout.swift in Sources */ = {isa = PBXBuildFile; fileRef = 2B16E0C41BD93BB100E0A2AA /* LayersDropout.swift */; };
		2B4064851BE92EC100C0B618 /* LayersInput.swift in Sources */ = {isa = PBXBuildFile; fileRef = 2B16E0C61BD93BB100E0A2AA /* LayersInput.swift */; };
		2B4064861BE92EC400C0B618 /* LayersLoss.swift in Sources */ = {isa = PBXBuildFile; fileRef = 2B16E0C81BD93BB100E0A2AA /* LayersLoss.swift */; };
		2B4064871BE92EC700C0B618 /* LayersNonlinearities.swift in Sources */ = {isa = PBXBuildFile; fileRef = 2B16E0CA1BD93BB100E0A2AA /* LayersNonlinearities.swift */; };
		2B4064881BE92ECA00C0B618 /* LayersNormalization.swift in Sources */ = {isa = PBXBuildFile; fileRef = 2B16E0CC1BD93BB100E0A2AA /* LayersNormalization.swift */; };
		2B4064891BE92ECD00C0B618 /* LayersPool.swift in Sources */ = {isa = PBXBuildFile; fileRef = 2B16E0CE1BD93BB100E0A2AA /* LayersPool.swift */; };
		2B40648A1BE92ED000C0B618 /* Magicnet.swift in Sources */ = {isa = PBXBuildFile; fileRef = 2B16E0A91BD93A5A00E0A2AA /* Magicnet.swift */; };
		2B40648B1BE92ED600C0B618 /* Trainers.swift in Sources */ = {isa = PBXBuildFile; fileRef = 2B16E0AB1BD93A5A00E0A2AA /* Trainers.swift */; };
		2B40648C1BE92F0F00C0B618 /* Options.swift in Sources */ = {isa = PBXBuildFile; fileRef = 2B16E0AD1BD93A5A00E0A2AA /* Options.swift */; };
		2B40648D1BE92F1200C0B618 /* Util.swift in Sources */ = {isa = PBXBuildFile; fileRef = 2B16E0AE1BD93A5A00E0A2AA /* Util.swift */; };
		2B40648E1BE92F1500C0B618 /* Vol.swift in Sources */ = {isa = PBXBuildFile; fileRef = 2B16E0AF1BD93A5A00E0A2AA /* Vol.swift */; };
		2B40648F1BE92F1900C0B618 /* VolUtil.swift in Sources */ = {isa = PBXBuildFile; fileRef = 2B16E0B01BD93A5A00E0A2AA /* VolUtil.swift */; };
		2B480E5E1C048BA30056865A /* UtilTests.swift in Sources */ = {isa = PBXBuildFile; fileRef = 2B480E5D1C048BA30056865A /* UtilTests.swift */; };
		2B480E661C0502DC0056865A /* VolTests.swift in Sources */ = {isa = PBXBuildFile; fileRef = 2B480E651C0502DC0056865A /* VolTests.swift */; };
		2B6625201BEFE93F00D59B65 /* Brain.swift in Sources */ = {isa = PBXBuildFile; fileRef = 2B66251E1BEF902500D59B65 /* Brain.swift */; };
		2B6625211BF00F5E00D59B65 /* Brain.swift in Sources */ = {isa = PBXBuildFile; fileRef = 2B66251E1BEF902500D59B65 /* Brain.swift */; };
		2B7E51851C119BE7006BE7F2 /* Albert_Bierstadt_-_The_Rocky_Mountains,_Lander's_Peak.jpg in Resources */ = {isa = PBXBuildFile; fileRef = 2B7E51841C119BE7006BE7F2 /* Albert_Bierstadt_-_The_Rocky_Mountains,_Lander's_Peak.jpg */; };
		2B7E51861C119BE7006BE7F2 /* Albert_Bierstadt_-_The_Rocky_Mountains,_Lander's_Peak.jpg in Resources */ = {isa = PBXBuildFile; fileRef = 2B7E51841C119BE7006BE7F2 /* Albert_Bierstadt_-_The_Rocky_Mountains,_Lander's_Peak.jpg */; };
		2B7E51891C119D59006BE7F2 /* Nyura.jpg in Resources */ = {isa = PBXBuildFile; fileRef = 2B7E51871C119D59006BE7F2 /* Nyura.jpg */; };
		2B7E518A1C119D59006BE7F2 /* Nyura.jpg in Resources */ = {isa = PBXBuildFile; fileRef = 2B7E51871C119D59006BE7F2 /* Nyura.jpg */; };
		2B7E518B1C119D59006BE7F2 /* Nyura.png in Resources */ = {isa = PBXBuildFile; fileRef = 2B7E51881C119D59006BE7F2 /* Nyura.png */; };
		2B7E518C1C119D59006BE7F2 /* Nyura.png in Resources */ = {isa = PBXBuildFile; fileRef = 2B7E51881C119D59006BE7F2 /* Nyura.png */; };
		2B83B9FA1E57A975006C7BCF /* ConvolutionLayer.swift in Sources */ = {isa = PBXBuildFile; fileRef = 2B83B9F91E57A975006C7BCF /* ConvolutionLayer.swift */; };
		2B83B9FB1E58213F006C7BCF /* ConvolutionLayer.swift in Sources */ = {isa = PBXBuildFile; fileRef = 2B83B9F91E57A975006C7BCF /* ConvolutionLayer.swift */; };
		2B83B9FE1E582483006C7BCF /* Date.swift in Sources */ = {isa = PBXBuildFile; fileRef = 2B83B9FD1E582483006C7BCF /* Date.swift */; };
		2B83B9FF1E582483006C7BCF /* Date.swift in Sources */ = {isa = PBXBuildFile; fileRef = 2B83B9FD1E582483006C7BCF /* Date.swift */; };
		2B872B5D1C12043700654CB9 /* AutoencoderTest.swift in Sources */ = {isa = PBXBuildFile; fileRef = 2B872B5C1C12043700654CB9 /* AutoencoderTest.swift */; };
/* End PBXBuildFile section */

/* Begin PBXContainerItemProxy section */
		2B16E0931BD93A3300E0A2AA /* PBXContainerItemProxy */ = {
			isa = PBXContainerItemProxy;
			containerPortal = 2B16E0761BD93A3200E0A2AA /* Project object */;
			proxyType = 1;
			remoteGlobalIDString = 2B16E07D1BD93A3300E0A2AA;
			remoteInfo = ConvNetSwift;
		};
/* End PBXContainerItemProxy section */

/* Begin PBXFileReference section */
		2B16E07E1BD93A3300E0A2AA /* ConvNetSwift.app */ = {isa = PBXFileReference; explicitFileType = wrapper.application; includeInIndex = 0; path = ConvNetSwift.app; sourceTree = BUILT_PRODUCTS_DIR; };
		2B16E0811BD93A3300E0A2AA /* AppDelegate.swift */ = {isa = PBXFileReference; lastKnownFileType = sourcecode.swift; path = AppDelegate.swift; sourceTree = "<group>"; };
		2B16E0831BD93A3300E0A2AA /* ViewController.swift */ = {isa = PBXFileReference; lastKnownFileType = sourcecode.swift; path = ViewController.swift; sourceTree = "<group>"; };
		2B16E0861BD93A3300E0A2AA /* Base */ = {isa = PBXFileReference; lastKnownFileType = file.storyboard; name = Base; path = Base.lproj/Main.storyboard; sourceTree = "<group>"; };
		2B16E0881BD93A3300E0A2AA /* Assets.xcassets */ = {isa = PBXFileReference; lastKnownFileType = folder.assetcatalog; path = Assets.xcassets; sourceTree = "<group>"; };
		2B16E08B1BD93A3300E0A2AA /* Base */ = {isa = PBXFileReference; lastKnownFileType = file.storyboard; name = Base; path = Base.lproj/LaunchScreen.storyboard; sourceTree = "<group>"; };
		2B16E08D1BD93A3300E0A2AA /* Info.plist */ = {isa = PBXFileReference; lastKnownFileType = text.plist.xml; path = Info.plist; sourceTree = "<group>"; };
		2B16E0921BD93A3300E0A2AA /* ConvNetSwiftTests.xctest */ = {isa = PBXFileReference; explicitFileType = wrapper.cfbundle; includeInIndex = 0; path = ConvNetSwiftTests.xctest; sourceTree = BUILT_PRODUCTS_DIR; };
		2B16E0961BD93A3300E0A2AA /* ConvNetSwiftTests.swift */ = {isa = PBXFileReference; lastKnownFileType = sourcecode.swift; lineEnding = 0; path = ConvNetSwiftTests.swift; sourceTree = "<group>"; xcLanguageSpecificationIdentifier = xcode.lang.swift; };
		2B16E0981BD93A3300E0A2AA /* Info.plist */ = {isa = PBXFileReference; lastKnownFileType = text.plist.xml; path = Info.plist; sourceTree = "<group>"; };
		2B16E0A91BD93A5A00E0A2AA /* Magicnet.swift */ = {isa = PBXFileReference; fileEncoding = 4; lastKnownFileType = sourcecode.swift; lineEnding = 0; path = Magicnet.swift; sourceTree = "<group>"; xcLanguageSpecificationIdentifier = xcode.lang.swift; };
		2B16E0AA1BD93A5A00E0A2AA /* Net.swift */ = {isa = PBXFileReference; fileEncoding = 4; lastKnownFileType = sourcecode.swift; lineEnding = 0; path = Net.swift; sourceTree = "<group>"; xcLanguageSpecificationIdentifier = xcode.lang.swift; };
		2B16E0AB1BD93A5A00E0A2AA /* Trainers.swift */ = {isa = PBXFileReference; fileEncoding = 4; lastKnownFileType = sourcecode.swift; lineEnding = 0; path = Trainers.swift; sourceTree = "<group>"; xcLanguageSpecificationIdentifier = xcode.lang.swift; };
		2B16E0AD1BD93A5A00E0A2AA /* Options.swift */ = {isa = PBXFileReference; fileEncoding = 4; lastKnownFileType = sourcecode.swift; lineEnding = 0; path = Options.swift; sourceTree = "<group>"; xcLanguageSpecificationIdentifier = xcode.lang.swift; };
		2B16E0AE1BD93A5A00E0A2AA /* Util.swift */ = {isa = PBXFileReference; fileEncoding = 4; lastKnownFileType = sourcecode.swift; lineEnding = 0; name = Util.swift; path = ../Util.swift; sourceTree = "<group>"; xcLanguageSpecificationIdentifier = xcode.lang.swift; };
		2B16E0AF1BD93A5A00E0A2AA /* Vol.swift */ = {isa = PBXFileReference; fileEncoding = 4; lastKnownFileType = sourcecode.swift; lineEnding = 0; path = Vol.swift; sourceTree = "<group>"; xcLanguageSpecificationIdentifier = xcode.lang.swift; };
		2B16E0B01BD93A5A00E0A2AA /* VolUtil.swift */ = {isa = PBXFileReference; fileEncoding = 4; lastKnownFileType = sourcecode.swift; lineEnding = 0; path = VolUtil.swift; sourceTree = "<group>"; xcLanguageSpecificationIdentifier = xcode.lang.swift; };
		2B16E0C21BD93BB100E0A2AA /* FullyConnectedLayer.swift */ = {isa = PBXFileReference; fileEncoding = 4; lastKnownFileType = sourcecode.swift; lineEnding = 0; path = FullyConnectedLayer.swift; sourceTree = "<group>"; xcLanguageSpecificationIdentifier = xcode.lang.swift; };
		2B16E0C41BD93BB100E0A2AA /* LayersDropout.swift */ = {isa = PBXFileReference; fileEncoding = 4; lastKnownFileType = sourcecode.swift; lineEnding = 0; path = LayersDropout.swift; sourceTree = "<group>"; xcLanguageSpecificationIdentifier = xcode.lang.swift; };
		2B16E0C61BD93BB100E0A2AA /* LayersInput.swift */ = {isa = PBXFileReference; fileEncoding = 4; lastKnownFileType = sourcecode.swift; lineEnding = 0; path = LayersInput.swift; sourceTree = "<group>"; xcLanguageSpecificationIdentifier = xcode.lang.swift; };
		2B16E0C81BD93BB100E0A2AA /* LayersLoss.swift */ = {isa = PBXFileReference; fileEncoding = 4; lastKnownFileType = sourcecode.swift; lineEnding = 0; path = LayersLoss.swift; sourceTree = "<group>"; xcLanguageSpecificationIdentifier = xcode.lang.swift; };
		2B16E0CA1BD93BB100E0A2AA /* LayersNonlinearities.swift */ = {isa = PBXFileReference; fileEncoding = 4; lastKnownFileType = sourcecode.swift; lineEnding = 0; path = LayersNonlinearities.swift; sourceTree = "<group>"; xcLanguageSpecificationIdentifier = xcode.lang.swift; };
		2B16E0CC1BD93BB100E0A2AA /* LayersNormalization.swift */ = {isa = PBXFileReference; fileEncoding = 4; lastKnownFileType = sourcecode.swift; lineEnding = 0; path = LayersNormalization.swift; sourceTree = "<group>"; xcLanguageSpecificationIdentifier = xcode.lang.swift; };
		2B16E0CE1BD93BB100E0A2AA /* LayersPool.swift */ = {isa = PBXFileReference; fileEncoding = 4; lastKnownFileType = sourcecode.swift; lineEnding = 0; path = LayersPool.swift; sourceTree = "<group>"; xcLanguageSpecificationIdentifier = xcode.lang.swift; };
		2B16E0D61BD93CA700E0A2AA /* Layer.swift */ = {isa = PBXFileReference; fileEncoding = 4; lastKnownFileType = sourcecode.swift; path = Layer.swift; sourceTree = "<group>"; };
		2B2905AB1C4F9E0C008CA36D /* FCTests.swift */ = {isa = PBXFileReference; fileEncoding = 4; lastKnownFileType = sourcecode.swift; path = FCTests.swift; sourceTree = "<group>"; };
		2B2905AD1C4FAD7F008CA36D /* Nyura_sq.png */ = {isa = PBXFileReference; lastKnownFileType = image.png; path = Nyura_sq.png; sourceTree = "<group>"; };
		2B40647F1BE8CABD00C0B618 /* SimpleNetTests.swift */ = {isa = PBXFileReference; fileEncoding = 4; lastKnownFileType = sourcecode.swift; path = SimpleNetTests.swift; sourceTree = "<group>"; };
		2B480E5D1C048BA30056865A /* UtilTests.swift */ = {isa = PBXFileReference; fileEncoding = 4; lastKnownFileType = sourcecode.swift; lineEnding = 0; path = UtilTests.swift; sourceTree = "<group>"; xcLanguageSpecificationIdentifier = xcode.lang.swift; };
		2B480E651C0502DC0056865A /* VolTests.swift */ = {isa = PBXFileReference; fileEncoding = 4; lastKnownFileType = sourcecode.swift; path = VolTests.swift; sourceTree = "<group>"; };
		2B66251E1BEF902500D59B65 /* Brain.swift */ = {isa = PBXFileReference; fileEncoding = 4; lastKnownFileType = sourcecode.swift; lineEnding = 2; path = Brain.swift; sourceTree = "<group>"; xcLanguageSpecificationIdentifier = xcode.lang.swift; };
		2B7E51841C119BE7006BE7F2 /* Albert_Bierstadt_-_The_Rocky_Mountains,_Lander's_Peak.jpg */ = {isa = PBXFileReference; lastKnownFileType = image.jpeg; path = "Albert_Bierstadt_-_The_Rocky_Mountains,_Lander's_Peak.jpg"; sourceTree = "<group>"; };
		2B7E51871C119D59006BE7F2 /* Nyura.jpg */ = {isa = PBXFileReference; lastKnownFileType = image.jpeg; path = Nyura.jpg; sourceTree = "<group>"; };
		2B7E51881C119D59006BE7F2 /* Nyura.png */ = {isa = PBXFileReference; lastKnownFileType = image.png; path = Nyura.png; sourceTree = "<group>"; };
		2B83B9F91E57A975006C7BCF /* ConvolutionLayer.swift */ = {isa = PBXFileReference; fileEncoding = 4; lastKnownFileType = sourcecode.swift; path = ConvolutionLayer.swift; sourceTree = "<group>"; };
		2B83B9FD1E582483006C7BCF /* Date.swift */ = {isa = PBXFileReference; fileEncoding = 4; lastKnownFileType = sourcecode.swift; path = Date.swift; sourceTree = "<group>"; };
		2B872B5C1C12043700654CB9 /* AutoencoderTest.swift */ = {isa = PBXFileReference; fileEncoding = 4; lastKnownFileType = sourcecode.swift; path = AutoencoderTest.swift; sourceTree = "<group>"; };
/* End PBXFileReference section */

/* Begin PBXFrameworksBuildPhase section */
		2B16E07B1BD93A3300E0A2AA /* Frameworks */ = {
			isa = PBXFrameworksBuildPhase;
			buildActionMask = 2147483647;
			files = (
			);
			runOnlyForDeploymentPostprocessing = 0;
		};
		2B16E08F1BD93A3300E0A2AA /* Frameworks */ = {
			isa = PBXFrameworksBuildPhase;
			buildActionMask = 2147483647;
			files = (
			);
			runOnlyForDeploymentPostprocessing = 0;
		};
/* End PBXFrameworksBuildPhase section */

/* Begin PBXGroup section */
		2B16E0751BD93A3200E0A2AA = {
			isa = PBXGroup;
			children = (
				2B7E51831C119BE7006BE7F2 /* img */,
				2B16E0801BD93A3300E0A2AA /* ConvNetSwift */,
				2B16E0951BD93A3300E0A2AA /* ConvNetSwiftTests */,
				2B16E07F1BD93A3300E0A2AA /* Products */,
			);
			sourceTree = "<group>";
		};
		2B16E07F1BD93A3300E0A2AA /* Products */ = {
			isa = PBXGroup;
			children = (
				2B16E07E1BD93A3300E0A2AA /* ConvNetSwift.app */,
				2B16E0921BD93A3300E0A2AA /* ConvNetSwiftTests.xctest */,
			);
			name = Products;
			sourceTree = "<group>";
		};
		2B16E0801BD93A3300E0A2AA /* ConvNetSwift */ = {
			isa = PBXGroup;
			children = (
				2B66251D1BEF902500D59B65 /* deepqlearn */,
				2B16E0A11BD93A5A00E0A2AA /* convnet-swift */,
				2B16E0811BD93A3300E0A2AA /* AppDelegate.swift */,
				2B16E0831BD93A3300E0A2AA /* ViewController.swift */,
				2B16E0851BD93A3300E0A2AA /* Main.storyboard */,
				2B16E0881BD93A3300E0A2AA /* Assets.xcassets */,
				2B16E08A1BD93A3300E0A2AA /* LaunchScreen.storyboard */,
				2B16E08D1BD93A3300E0A2AA /* Info.plist */,
			);
			path = ConvNetSwift;
			sourceTree = "<group>";
		};
		2B16E0951BD93A3300E0A2AA /* ConvNetSwiftTests */ = {
			isa = PBXGroup;
			children = (
				2B40647F1BE8CABD00C0B618 /* SimpleNetTests.swift */,
				2B16E0961BD93A3300E0A2AA /* ConvNetSwiftTests.swift */,
				2B480E5D1C048BA30056865A /* UtilTests.swift */,
				2B16E0981BD93A3300E0A2AA /* Info.plist */,
				2B480E651C0502DC0056865A /* VolTests.swift */,
				2B872B5C1C12043700654CB9 /* AutoencoderTest.swift */,
				2B2905AB1C4F9E0C008CA36D /* FCTests.swift */,
			);
			path = ConvNetSwiftTests;
			sourceTree = "<group>";
		};
		2B16E0A11BD93A5A00E0A2AA /* convnet-swift */ = {
			isa = PBXGroup;
			children = (
				2B16E0C01BD93BB000E0A2AA /* Layers */,
				2B83B9FC1E58245D006C7BCF /* Utils */,
				2B16E0A91BD93A5A00E0A2AA /* Magicnet.swift */,
				2B16E0AA1BD93A5A00E0A2AA /* Net.swift */,
				2B16E0AB1BD93A5A00E0A2AA /* Trainers.swift */,
				2B16E0AD1BD93A5A00E0A2AA /* Options.swift */,
				2B16E0AF1BD93A5A00E0A2AA /* Vol.swift */,
				2B16E0B01BD93A5A00E0A2AA /* VolUtil.swift */,
			);
			path = "convnet-swift";
			sourceTree = "<group>";
		};
		2B16E0C01BD93BB000E0A2AA /* Layers */ = {
			isa = PBXGroup;
			children = (
				2B16E0D61BD93CA700E0A2AA /* Layer.swift */,
				2B16E0C11BD93BB100E0A2AA /* LayersDotproducts */,
				2B16E0C31BD93BB100E0A2AA /* LayersDropout */,
				2B16E0C51BD93BB100E0A2AA /* LayersInput */,
				2B16E0C71BD93BB100E0A2AA /* LayersLoss */,
				2B16E0C91BD93BB100E0A2AA /* LayersNonlinearities */,
				2B16E0CB1BD93BB100E0A2AA /* LayersNormalization */,
				2B16E0CD1BD93BB100E0A2AA /* LayersPool */,
			);
			path = Layers;
			sourceTree = "<group>";
		};
		2B16E0C11BD93BB100E0A2AA /* LayersDotproducts */ = {
			isa = PBXGroup;
			children = (
				2B16E0C21BD93BB100E0A2AA /* FullyConnectedLayer.swift */,
				2B83B9F91E57A975006C7BCF /* ConvolutionLayer.swift */,
			);
			path = LayersDotproducts;
			sourceTree = "<group>";
		};
		2B16E0C31BD93BB100E0A2AA /* LayersDropout */ = {
			isa = PBXGroup;
			children = (
				2B16E0C41BD93BB100E0A2AA /* LayersDropout.swift */,
			);
			path = LayersDropout;
			sourceTree = "<group>";
		};
		2B16E0C51BD93BB100E0A2AA /* LayersInput */ = {
			isa = PBXGroup;
			children = (
				2B16E0C61BD93BB100E0A2AA /* LayersInput.swift */,
			);
			path = LayersInput;
			sourceTree = "<group>";
		};
		2B16E0C71BD93BB100E0A2AA /* LayersLoss */ = {
			isa = PBXGroup;
			children = (
				2B16E0C81BD93BB100E0A2AA /* LayersLoss.swift */,
			);
			path = LayersLoss;
			sourceTree = "<group>";
		};
		2B16E0C91BD93BB100E0A2AA /* LayersNonlinearities */ = {
			isa = PBXGroup;
			children = (
				2B16E0CA1BD93BB100E0A2AA /* LayersNonlinearities.swift */,
			);
			path = LayersNonlinearities;
			sourceTree = "<group>";
		};
		2B16E0CB1BD93BB100E0A2AA /* LayersNormalization */ = {
			isa = PBXGroup;
			children = (
				2B16E0CC1BD93BB100E0A2AA /* LayersNormalization.swift */,
			);
			path = LayersNormalization;
			sourceTree = "<group>";
		};
		2B16E0CD1BD93BB100E0A2AA /* LayersPool */ = {
			isa = PBXGroup;
			children = (
				2B16E0CE1BD93BB100E0A2AA /* LayersPool.swift */,
			);
			path = LayersPool;
			sourceTree = "<group>";
		};
		2B66251D1BEF902500D59B65 /* deepqlearn */ = {
			isa = PBXGroup;
			children = (
				2B66251E1BEF902500D59B65 /* Brain.swift */,
			);
			path = deepqlearn;
			sourceTree = "<group>";
		};
		2B7E51831C119BE7006BE7F2 /* img */ = {
			isa = PBXGroup;
			children = (
				2B2905AD1C4FAD7F008CA36D /* Nyura_sq.png */,
				2B7E51871C119D59006BE7F2 /* Nyura.jpg */,
				2B7E51881C119D59006BE7F2 /* Nyura.png */,
				2B7E51841C119BE7006BE7F2 /* Albert_Bierstadt_-_The_Rocky_Mountains,_Lander's_Peak.jpg */,
			);
			name = img;
			path = ConvNetSwift/img;
			sourceTree = "<group>";
		};
		2B83B9FC1E58245D006C7BCF /* Utils */ = {
			isa = PBXGroup;
			children = (
				2B16E0AE1BD93A5A00E0A2AA /* Util.swift */,
				2B83B9FD1E582483006C7BCF /* Date.swift */,
			);
			path = Utils;
			sourceTree = "<group>";
		};
/* End PBXGroup section */

/* Begin PBXNativeTarget section */
		2B16E07D1BD93A3300E0A2AA /* ConvNetSwift */ = {
			isa = PBXNativeTarget;
			buildConfigurationList = 2B16E09B1BD93A3300E0A2AA /* Build configuration list for PBXNativeTarget "ConvNetSwift" */;
			buildPhases = (
				2B16E07A1BD93A3300E0A2AA /* Sources */,
				2B16E07B1BD93A3300E0A2AA /* Frameworks */,
				2B16E07C1BD93A3300E0A2AA /* Resources */,
				2FD3ED505210408EC5714B4F /* Tailor */,
			);
			buildRules = (
			);
			dependencies = (
			);
			name = ConvNetSwift;
			productName = ConvNetSwift;
			productReference = 2B16E07E1BD93A3300E0A2AA /* ConvNetSwift.app */;
			productType = "com.apple.product-type.application";
		};
		2B16E0911BD93A3300E0A2AA /* ConvNetSwiftTests */ = {
			isa = PBXNativeTarget;
			buildConfigurationList = 2B16E09E1BD93A3300E0A2AA /* Build configuration list for PBXNativeTarget "ConvNetSwiftTests" */;
			buildPhases = (
				2B16E08E1BD93A3300E0A2AA /* Sources */,
				2B16E08F1BD93A3300E0A2AA /* Frameworks */,
				2B16E0901BD93A3300E0A2AA /* Resources */,
			);
			buildRules = (
			);
			dependencies = (
				2B16E0941BD93A3300E0A2AA /* PBXTargetDependency */,
			);
			name = ConvNetSwiftTests;
			productName = ConvNetSwiftTests;
			productReference = 2B16E0921BD93A3300E0A2AA /* ConvNetSwiftTests.xctest */;
			productType = "com.apple.product-type.bundle.unit-test";
		};
/* End PBXNativeTarget section */

/* Begin PBXProject section */
		2B16E0761BD93A3200E0A2AA /* Project object */ = {
			isa = PBXProject;
			attributes = {
				LastSwiftUpdateCheck = 0710;
				LastUpgradeCheck = 0820;
				ORGANIZATIONNAME = OWL;
				TargetAttributes = {
					2B16E07D1BD93A3300E0A2AA = {
						CreatedOnToolsVersion = 7.1;
						DevelopmentTeam = AUMEW37ZKN;
						LastSwiftMigration = 0820;
					};
					2B16E0911BD93A3300E0A2AA = {
						CreatedOnToolsVersion = 7.1;
						LastSwiftMigration = 0820;
						TestTargetID = 2B16E07D1BD93A3300E0A2AA;
					};
				};
			};
			buildConfigurationList = 2B16E0791BD93A3200E0A2AA /* Build configuration list for PBXProject "ConvNetSwift" */;
			compatibilityVersion = "Xcode 3.2";
			developmentRegion = English;
			hasScannedForEncodings = 0;
			knownRegions = (
				en,
				Base,
			);
			mainGroup = 2B16E0751BD93A3200E0A2AA;
			productRefGroup = 2B16E07F1BD93A3300E0A2AA /* Products */;
			projectDirPath = "";
			projectRoot = "";
			targets = (
				2B16E07D1BD93A3300E0A2AA /* ConvNetSwift */,
				2B16E0911BD93A3300E0A2AA /* ConvNetSwiftTests */,
			);
		};
/* End PBXProject section */

/* Begin PBXResourcesBuildPhase section */
		2B16E07C1BD93A3300E0A2AA /* Resources */ = {
			isa = PBXResourcesBuildPhase;
			buildActionMask = 2147483647;
			files = (
				2B7E51891C119D59006BE7F2 /* Nyura.jpg in Resources */,
				2B7E518B1C119D59006BE7F2 /* Nyura.png in Resources */,
				2B16E08C1BD93A3300E0A2AA /* LaunchScreen.storyboard in Resources */,
				2B7E51851C119BE7006BE7F2 /* Albert_Bierstadt_-_The_Rocky_Mountains,_Lander's_Peak.jpg in Resources */,
				2B16E0891BD93A3300E0A2AA /* Assets.xcassets in Resources */,
				2B2905AE1C4FAD7F008CA36D /* Nyura_sq.png in Resources */,
				2B16E0871BD93A3300E0A2AA /* Main.storyboard in Resources */,
			);
			runOnlyForDeploymentPostprocessing = 0;
		};
		2B16E0901BD93A3300E0A2AA /* Resources */ = {
			isa = PBXResourcesBuildPhase;
			buildActionMask = 2147483647;
			files = (
				2B7E51861C119BE7006BE7F2 /* Albert_Bierstadt_-_The_Rocky_Mountains,_Lander's_Peak.jpg in Resources */,
				2B2905AF1C4FAD7F008CA36D /* Nyura_sq.png in Resources */,
				2B7E518A1C119D59006BE7F2 /* Nyura.jpg in Resources */,
				2B7E518C1C119D59006BE7F2 /* Nyura.png in Resources */,
			);
			runOnlyForDeploymentPostprocessing = 0;
		};
/* End PBXResourcesBuildPhase section */

/* Begin PBXShellScriptBuildPhase section */
		2FD3ED505210408EC5714B4F /* Tailor */ = {
			isa = PBXShellScriptBuildPhase;
			buildActionMask = 8;
			files = (
			);
			inputPaths = (
			);
			name = Tailor;
			outputPaths = (
			);
			runOnlyForDeploymentPostprocessing = 1;
			shellPath = /bin/sh;
			shellScript = "if hash tailor 2>/dev/null; then\ntailor --except=trailing-whitespace .\nelse\necho \"warning: Please install Tailor from https://tailor.sh\"\nfi";
		};
/* End PBXShellScriptBuildPhase section */

/* Begin PBXSourcesBuildPhase section */
		2B16E07A1BD93A3300E0A2AA /* Sources */ = {
			isa = PBXSourcesBuildPhase;
			buildActionMask = 2147483647;
			files = (
				2B16E0BF1BD93A5A00E0A2AA /* VolUtil.swift in Sources */,
				2B16E0BA1BD93A5A00E0A2AA /* Trainers.swift in Sources */,
				2B16E0B81BD93A5A00E0A2AA /* Magicnet.swift in Sources */,
				2B83B9FA1E57A975006C7BCF /* ConvolutionLayer.swift in Sources */,
				2B16E0BE1BD93A5A00E0A2AA /* Vol.swift in Sources */,
				2B16E0D71BD93CA700E0A2AA /* Layer.swift in Sources */,
				2B16E0D41BD93BB100E0A2AA /* LayersNormalization.swift in Sources */,
				2B16E0D01BD93BB100E0A2AA /* LayersDropout.swift in Sources */,
				2B16E0CF1BD93BB100E0A2AA /* FullyConnectedLayer.swift in Sources */,
				2B16E0BC1BD93A5A00E0A2AA /* Options.swift in Sources */,
				2B16E0BD1BD93A5A00E0A2AA /* Util.swift in Sources */,
				2B83B9FE1E582483006C7BCF /* Date.swift in Sources */,
				2B16E0D51BD93BB100E0A2AA /* LayersPool.swift in Sources */,
				2B16E0D21BD93BB100E0A2AA /* LayersLoss.swift in Sources */,
				2B16E0D11BD93BB100E0A2AA /* LayersInput.swift in Sources */,
				2B16E0841BD93A3300E0A2AA /* ViewController.swift in Sources */,
				2B16E0B91BD93A5A00E0A2AA /* Net.swift in Sources */,
				2B16E0D31BD93BB100E0A2AA /* LayersNonlinearities.swift in Sources */,
				2B6625201BEFE93F00D59B65 /* Brain.swift in Sources */,
				2B16E0821BD93A3300E0A2AA /* AppDelegate.swift in Sources */,
			);
			runOnlyForDeploymentPostprocessing = 0;
		};
		2B16E08E1BD93A3300E0A2AA /* Sources */ = {
			isa = PBXSourcesBuildPhase;
			buildActionMask = 2147483647;
			files = (
				2B4064811BE92EAC00C0B618 /* Layer.swift in Sources */,
				2B872B5D1C12043700654CB9 /* AutoencoderTest.swift in Sources */,
				2B40648F1BE92F1900C0B618 /* VolUtil.swift in Sources */,
				2B40648A1BE92ED000C0B618 /* Magicnet.swift in Sources */,
				2B480E5E1C048BA30056865A /* UtilTests.swift in Sources */,
				2B6625211BF00F5E00D59B65 /* Brain.swift in Sources */,
				2B4064831BE92EB600C0B618 /* Net.swift in Sources */,
				2B4064821BE92EB000C0B618 /* FullyConnectedLayer.swift in Sources */,
				2B83B9FB1E58213F006C7BCF /* ConvolutionLayer.swift in Sources */,
				2B2905AC1C4F9E0C008CA36D /* FCTests.swift in Sources */,
				2B4064871BE92EC700C0B618 /* LayersNonlinearities.swift in Sources */,
				2B40648E1BE92F1500C0B618 /* Vol.swift in Sources */,
				2B16E0971BD93A3300E0A2AA /* ConvNetSwiftTests.swift in Sources */,
				2B40648C1BE92F0F00C0B618 /* Options.swift in Sources */,
				2B480E661C0502DC0056865A /* VolTests.swift in Sources */,
				2B40648D1BE92F1200C0B618 /* Util.swift in Sources */,
				2B4064861BE92EC400C0B618 /* LayersLoss.swift in Sources */,
				2B4064801BE8CABD00C0B618 /* SimpleNetTests.swift in Sources */,
				2B4064881BE92ECA00C0B618 /* LayersNormalization.swift in Sources */,
				2B83B9FF1E582483006C7BCF /* Date.swift in Sources */,
				2B4064841BE92EBF00C0B618 /* LayersDropout.swift in Sources */,
				2B40648B1BE92ED600C0B618 /* Trainers.swift in Sources */,
				2B4064891BE92ECD00C0B618 /* LayersPool.swift in Sources */,
				2B4064851BE92EC100C0B618 /* LayersInput.swift in Sources */,
			);
			runOnlyForDeploymentPostprocessing = 0;
		};
/* End PBXSourcesBuildPhase section */

/* Begin PBXTargetDependency section */
		2B16E0941BD93A3300E0A2AA /* PBXTargetDependency */ = {
			isa = PBXTargetDependency;
			target = 2B16E07D1BD93A3300E0A2AA /* ConvNetSwift */;
			targetProxy = 2B16E0931BD93A3300E0A2AA /* PBXContainerItemProxy */;
		};
/* End PBXTargetDependency section */

/* Begin PBXVariantGroup section */
		2B16E0851BD93A3300E0A2AA /* Main.storyboard */ = {
			isa = PBXVariantGroup;
			children = (
				2B16E0861BD93A3300E0A2AA /* Base */,
			);
			name = Main.storyboard;
			sourceTree = "<group>";
		};
		2B16E08A1BD93A3300E0A2AA /* LaunchScreen.storyboard */ = {
			isa = PBXVariantGroup;
			children = (
				2B16E08B1BD93A3300E0A2AA /* Base */,
			);
			name = LaunchScreen.storyboard;
			sourceTree = "<group>";
		};
/* End PBXVariantGroup section */

/* Begin XCBuildConfiguration section */
		2B16E0991BD93A3300E0A2AA /* Debug */ = {
			isa = XCBuildConfiguration;
			buildSettings = {
				ALWAYS_SEARCH_USER_PATHS = NO;
				CLANG_CXX_LANGUAGE_STANDARD = "gnu++0x";
				CLANG_CXX_LIBRARY = "libc++";
				CLANG_ENABLE_MODULES = YES;
				CLANG_ENABLE_OBJC_ARC = YES;
				CLANG_WARN_BOOL_CONVERSION = YES;
				CLANG_WARN_CONSTANT_CONVERSION = YES;
				CLANG_WARN_DIRECT_OBJC_ISA_USAGE = YES_ERROR;
				CLANG_WARN_EMPTY_BODY = YES;
				CLANG_WARN_ENUM_CONVERSION = YES;
				CLANG_WARN_INFINITE_RECURSION = YES;
				CLANG_WARN_INT_CONVERSION = YES;
				CLANG_WARN_OBJC_ROOT_CLASS = YES_ERROR;
				CLANG_WARN_SUSPICIOUS_MOVE = YES;
				CLANG_WARN_UNREACHABLE_CODE = YES;
				CLANG_WARN__DUPLICATE_METHOD_MATCH = YES;
				"CODE_SIGN_IDENTITY[sdk=iphoneos*]" = "iPhone Developer";
				COPY_PHASE_STRIP = NO;
				DEBUG_INFORMATION_FORMAT = dwarf;
				ENABLE_STRICT_OBJC_MSGSEND = YES;
				ENABLE_TESTABILITY = YES;
				GCC_C_LANGUAGE_STANDARD = gnu99;
				GCC_DYNAMIC_NO_PIC = NO;
				GCC_NO_COMMON_BLOCKS = YES;
				GCC_OPTIMIZATION_LEVEL = 0;
				GCC_PREPROCESSOR_DEFINITIONS = (
					"DEBUG=1",
					"$(inherited)",
				);
				GCC_WARN_64_TO_32_BIT_CONVERSION = YES;
				GCC_WARN_ABOUT_RETURN_TYPE = YES_ERROR;
				GCC_WARN_UNDECLARED_SELECTOR = YES;
				GCC_WARN_UNINITIALIZED_AUTOS = YES_AGGRESSIVE;
				GCC_WARN_UNUSED_FUNCTION = YES;
				GCC_WARN_UNUSED_VARIABLE = YES;
				IPHONEOS_DEPLOYMENT_TARGET = 9.1;
				MTL_ENABLE_DEBUG_INFO = YES;
				ONLY_ACTIVE_ARCH = YES;
				SDKROOT = iphoneos;
				SWIFT_OPTIMIZATION_LEVEL = "-Onone";
			};
			name = Debug;
		};
		2B16E09A1BD93A3300E0A2AA /* Release */ = {
			isa = XCBuildConfiguration;
			buildSettings = {
				ALWAYS_SEARCH_USER_PATHS = NO;
				CLANG_CXX_LANGUAGE_STANDARD = "gnu++0x";
				CLANG_CXX_LIBRARY = "libc++";
				CLANG_ENABLE_MODULES = YES;
				CLANG_ENABLE_OBJC_ARC = YES;
				CLANG_WARN_BOOL_CONVERSION = YES;
				CLANG_WARN_CONSTANT_CONVERSION = YES;
				CLANG_WARN_DIRECT_OBJC_ISA_USAGE = YES_ERROR;
				CLANG_WARN_EMPTY_BODY = YES;
				CLANG_WARN_ENUM_CONVERSION = YES;
				CLANG_WARN_INFINITE_RECURSION = YES;
				CLANG_WARN_INT_CONVERSION = YES;
				CLANG_WARN_OBJC_ROOT_CLASS = YES_ERROR;
				CLANG_WARN_SUSPICIOUS_MOVE = YES;
				CLANG_WARN_UNREACHABLE_CODE = YES;
				CLANG_WARN__DUPLICATE_METHOD_MATCH = YES;
				"CODE_SIGN_IDENTITY[sdk=iphoneos*]" = "iPhone Developer";
				COPY_PHASE_STRIP = NO;
				DEBUG_INFORMATION_FORMAT = "dwarf-with-dsym";
				ENABLE_NS_ASSERTIONS = NO;
				ENABLE_STRICT_OBJC_MSGSEND = YES;
				GCC_C_LANGUAGE_STANDARD = gnu99;
				GCC_NO_COMMON_BLOCKS = YES;
				GCC_WARN_64_TO_32_BIT_CONVERSION = YES;
				GCC_WARN_ABOUT_RETURN_TYPE = YES_ERROR;
				GCC_WARN_UNDECLARED_SELECTOR = YES;
				GCC_WARN_UNINITIALIZED_AUTOS = YES_AGGRESSIVE;
				GCC_WARN_UNUSED_FUNCTION = YES;
				GCC_WARN_UNUSED_VARIABLE = YES;
				IPHONEOS_DEPLOYMENT_TARGET = 9.1;
				MTL_ENABLE_DEBUG_INFO = NO;
				SDKROOT = iphoneos;
				SWIFT_OPTIMIZATION_LEVEL = "-Owholemodule";
				VALIDATE_PRODUCT = YES;
			};
			name = Release;
		};
		2B16E09C1BD93A3300E0A2AA /* Debug */ = {
			isa = XCBuildConfiguration;
			buildSettings = {
				ASSETCATALOG_COMPILER_APPICON_NAME = AppIcon;
				CODE_SIGN_IDENTITY = "iPhone Developer";
				INFOPLIST_FILE = ConvNetSwift/Info.plist;
				LD_RUNPATH_SEARCH_PATHS = "$(inherited) @executable_path/Frameworks";
				PRODUCT_BUNDLE_IDENTIFIER = OWL.ConvNetSwift;
				PRODUCT_NAME = "$(TARGET_NAME)";
				SWIFT_VERSION = 3.0;
			};
			name = Debug;
		};
		2B16E09D1BD93A3300E0A2AA /* Release */ = {
			isa = XCBuildConfiguration;
			buildSettings = {
				ASSETCATALOG_COMPILER_APPICON_NAME = AppIcon;
				CODE_SIGN_IDENTITY = "iPhone Developer";
				INFOPLIST_FILE = ConvNetSwift/Info.plist;
				LD_RUNPATH_SEARCH_PATHS = "$(inherited) @executable_path/Frameworks";
				PRODUCT_BUNDLE_IDENTIFIER = OWL.ConvNetSwift;
				PRODUCT_NAME = "$(TARGET_NAME)";
				SWIFT_VERSION = 3.0;
			};
			name = Release;
		};
		2B16E09F1BD93A3300E0A2AA /* Debug */ = {
			isa = XCBuildConfiguration;
			buildSettings = {
				BUNDLE_LOADER = "$(TEST_HOST)";
				INFOPLIST_FILE = ConvNetSwiftTests/Info.plist;
				LD_RUNPATH_SEARCH_PATHS = "$(inherited) @executable_path/Frameworks @loader_path/Frameworks";
				PRODUCT_BUNDLE_IDENTIFIER = OWL.ConvNetSwiftTests;
				PRODUCT_NAME = "$(TARGET_NAME)";
				SWIFT_VERSION = 3.0;
				TEST_HOST = "$(BUILT_PRODUCTS_DIR)/ConvNetSwift.app/ConvNetSwift";
			};
			name = Debug;
		};
		2B16E0A01BD93A3300E0A2AA /* Release */ = {
			isa = XCBuildConfiguration;
			buildSettings = {
				BUNDLE_LOADER = "$(TEST_HOST)";
				INFOPLIST_FILE = ConvNetSwiftTests/Info.plist;
				LD_RUNPATH_SEARCH_PATHS = "$(inherited) @executable_path/Frameworks @loader_path/Frameworks";
				PRODUCT_BUNDLE_IDENTIFIER = OWL.ConvNetSwiftTests;
				PRODUCT_NAME = "$(TARGET_NAME)";
				SWIFT_VERSION = 3.0;
				TEST_HOST = "$(BUILT_PRODUCTS_DIR)/ConvNetSwift.app/ConvNetSwift";
			};
			name = Release;
		};
/* End XCBuildConfiguration section */

/* Begin XCConfigurationList section */
		2B16E0791BD93A3200E0A2AA /* Build configuration list for PBXProject "ConvNetSwift" */ = {
			isa = XCConfigurationList;
			buildConfigurations = (
				2B16E0991BD93A3300E0A2AA /* Debug */,
				2B16E09A1BD93A3300E0A2AA /* Release */,
			);
			defaultConfigurationIsVisible = 0;
			defaultConfigurationName = Release;
		};
		2B16E09B1BD93A3300E0A2AA /* Build configuration list for PBXNativeTarget "ConvNetSwift" */ = {
			isa = XCConfigurationList;
			buildConfigurations = (
				2B16E09C1BD93A3300E0A2AA /* Debug */,
				2B16E09D1BD93A3300E0A2AA /* Release */,
			);
			defaultConfigurationIsVisible = 0;
			defaultConfigurationName = Release;
		};
		2B16E09E1BD93A3300E0A2AA /* Build configuration list for PBXNativeTarget "ConvNetSwiftTests" */ = {
			isa = XCConfigurationList;
			buildConfigurations = (
				2B16E09F1BD93A3300E0A2AA /* Debug */,
				2B16E0A01BD93A3300E0A2AA /* Release */,
			);
			defaultConfigurationIsVisible = 0;
			defaultConfigurationName = Release;
		};
/* End XCConfigurationList section */
	};
	rootObject = 2B16E0761BD93A3200E0A2AA /* Project object */;
}
